// !$*UTF8*$!
{
	archiveVersion = 1;
	classes = {
	};
	objectVersion = 55;
	objects = {

/* Begin PBXBuildFile section */
		2C5FD499277466D500317AFC /* AppDelegate.swift in Sources */ = {isa = PBXBuildFile; fileRef = 2C5FD498277466D500317AFC /* AppDelegate.swift */; };
		2C5FD49D277466D500317AFC /* ViewController.swift in Sources */ = {isa = PBXBuildFile; fileRef = 2C5FD49C277466D500317AFC /* ViewController.swift */; };
		2C5FD4A0277466D500317AFC /* Main.storyboard in Resources */ = {isa = PBXBuildFile; fileRef = 2C5FD49E277466D500317AFC /* Main.storyboard */; };
		2C5FD4A2277466D600317AFC /* Assets.xcassets in Resources */ = {isa = PBXBuildFile; fileRef = 2C5FD4A1277466D600317AFC /* Assets.xcassets */; };
		2C5FD4A5277466D600317AFC /* LaunchScreen.storyboard in Resources */ = {isa = PBXBuildFile; fileRef = 2C5FD4A3277466D600317AFC /* LaunchScreen.storyboard */; };
		2C5FD4B0277466D600317AFC /* AppTests.swift in Sources */ = {isa = PBXBuildFile; fileRef = 2C5FD4AF277466D600317AFC /* AppTests.swift */; };
		2C5FD4BA277466D600317AFC /* AppUITests.swift in Sources */ = {isa = PBXBuildFile; fileRef = 2C5FD4B9277466D600317AFC /* AppUITests.swift */; };
		2C5FD4BC277466D600317AFC /* AppUITestsLaunchTests.swift in Sources */ = {isa = PBXBuildFile; fileRef = 2C5FD4BB277466D600317AFC /* AppUITestsLaunchTests.swift */; };
		2CD989E7277D82FB00D91453 /* BootDelegate.swift in Sources */ = {isa = PBXBuildFile; fileRef = 2CD989E6277D82FB00D91453 /* BootDelegate.swift */; };
		40FF0747CF82257DDCE9FDBE /* Pods_App.framework in Frameworks */ = {isa = PBXBuildFile; fileRef = B2365E97D818B3A5C0A99AB0 /* Pods_App.framework */; };
		ADC10F8FF83D458FFD089088 /* Pods_AppTests.framework in Frameworks */ = {isa = PBXBuildFile; fileRef = 1A328C83DB325D0F0773B530 /* Pods_AppTests.framework */; };
		D29EA5A6E35F1DEBAAAA63FB /* Pods_App_AppUITests.framework in Frameworks */ = {isa = PBXBuildFile; fileRef = 889DD207F0016EBD02A9E857 /* Pods_App_AppUITests.framework */; };
/* End PBXBuildFile section */

/* Begin PBXContainerItemProxy section */
		2C5FD4AC277466D600317AFC /* PBXContainerItemProxy */ = {
			isa = PBXContainerItemProxy;
			containerPortal = 2C5FD48D277466D500317AFC /* Project object */;
			proxyType = 1;
			remoteGlobalIDString = 2C5FD494277466D500317AFC;
			remoteInfo = App;
		};
		2C5FD4B6277466D600317AFC /* PBXContainerItemProxy */ = {
			isa = PBXContainerItemProxy;
			containerPortal = 2C5FD48D277466D500317AFC /* Project object */;
			proxyType = 1;
			remoteGlobalIDString = 2C5FD494277466D500317AFC;
			remoteInfo = App;
		};
/* End PBXContainerItemProxy section */

/* Begin PBXFileReference section */
		034D560BCBC4D47B220822D8 /* Pods-App-AppUITests.debug.xcconfig */ = {isa = PBXFileReference; includeInIndex = 1; lastKnownFileType = text.xcconfig; name = "Pods-App-AppUITests.debug.xcconfig"; path = "Target Support Files/Pods-App-AppUITests/Pods-App-AppUITests.debug.xcconfig"; sourceTree = "<group>"; };
		1A328C83DB325D0F0773B530 /* Pods_AppTests.framework */ = {isa = PBXFileReference; explicitFileType = wrapper.framework; includeInIndex = 0; path = Pods_AppTests.framework; sourceTree = BUILT_PRODUCTS_DIR; };
		1DD99668BA94F1A399D1532F /* Pods-App-AppUITests.release.xcconfig */ = {isa = PBXFileReference; includeInIndex = 1; lastKnownFileType = text.xcconfig; name = "Pods-App-AppUITests.release.xcconfig"; path = "Target Support Files/Pods-App-AppUITests/Pods-App-AppUITests.release.xcconfig"; sourceTree = "<group>"; };
		2C5FD495277466D500317AFC /* App.app */ = {isa = PBXFileReference; explicitFileType = wrapper.application; includeInIndex = 0; path = App.app; sourceTree = BUILT_PRODUCTS_DIR; };
		2C5FD498277466D500317AFC /* AppDelegate.swift */ = {isa = PBXFileReference; lastKnownFileType = sourcecode.swift; path = AppDelegate.swift; sourceTree = "<group>"; };
		2C5FD49C277466D500317AFC /* ViewController.swift */ = {isa = PBXFileReference; lastKnownFileType = sourcecode.swift; path = ViewController.swift; sourceTree = "<group>"; };
		2C5FD49F277466D500317AFC /* Base */ = {isa = PBXFileReference; lastKnownFileType = file.storyboard; name = Base; path = Base.lproj/Main.storyboard; sourceTree = "<group>"; };
		2C5FD4A1277466D600317AFC /* Assets.xcassets */ = {isa = PBXFileReference; lastKnownFileType = folder.assetcatalog; path = Assets.xcassets; sourceTree = "<group>"; };
		2C5FD4A4277466D600317AFC /* Base */ = {isa = PBXFileReference; lastKnownFileType = file.storyboard; name = Base; path = Base.lproj/LaunchScreen.storyboard; sourceTree = "<group>"; };
		2C5FD4A6277466D600317AFC /* Info.plist */ = {isa = PBXFileReference; lastKnownFileType = text.plist.xml; path = Info.plist; sourceTree = "<group>"; };
		2C5FD4AB277466D600317AFC /* AppTests.xctest */ = {isa = PBXFileReference; explicitFileType = wrapper.cfbundle; includeInIndex = 0; path = AppTests.xctest; sourceTree = BUILT_PRODUCTS_DIR; };
		2C5FD4AF277466D600317AFC /* AppTests.swift */ = {isa = PBXFileReference; lastKnownFileType = sourcecode.swift; path = AppTests.swift; sourceTree = "<group>"; };
		2C5FD4B5277466D600317AFC /* AppUITests.xctest */ = {isa = PBXFileReference; explicitFileType = wrapper.cfbundle; includeInIndex = 0; path = AppUITests.xctest; sourceTree = BUILT_PRODUCTS_DIR; };
		2C5FD4B9277466D600317AFC /* AppUITests.swift */ = {isa = PBXFileReference; lastKnownFileType = sourcecode.swift; path = AppUITests.swift; sourceTree = "<group>"; };
		2C5FD4BB277466D600317AFC /* AppUITestsLaunchTests.swift */ = {isa = PBXFileReference; lastKnownFileType = sourcecode.swift; path = AppUITestsLaunchTests.swift; sourceTree = "<group>"; };
		2CCC0801277D87F70017DF17 /* Info-Debug.plist */ = {isa = PBXFileReference; fileEncoding = 4; lastKnownFileType = text.plist.xml; path = "Info-Debug.plist"; sourceTree = "<group>"; };
		2CD989E6277D82FB00D91453 /* BootDelegate.swift */ = {isa = PBXFileReference; lastKnownFileType = sourcecode.swift; path = BootDelegate.swift; sourceTree = "<group>"; };
		2D3207BB0C988E56E197D18F /* Pods-AppTests.release.xcconfig */ = {isa = PBXFileReference; includeInIndex = 1; lastKnownFileType = text.xcconfig; name = "Pods-AppTests.release.xcconfig"; path = "Target Support Files/Pods-AppTests/Pods-AppTests.release.xcconfig"; sourceTree = "<group>"; };
		6E422CE800729193E1FF9AB9 /* Pods-AppTests.debug.xcconfig */ = {isa = PBXFileReference; includeInIndex = 1; lastKnownFileType = text.xcconfig; name = "Pods-AppTests.debug.xcconfig"; path = "Target Support Files/Pods-AppTests/Pods-AppTests.debug.xcconfig"; sourceTree = "<group>"; };
		889DD207F0016EBD02A9E857 /* Pods_App_AppUITests.framework */ = {isa = PBXFileReference; explicitFileType = wrapper.framework; includeInIndex = 0; path = Pods_App_AppUITests.framework; sourceTree = BUILT_PRODUCTS_DIR; };
		984399CCE338F4E9AA227696 /* Pods-App.debug.xcconfig */ = {isa = PBXFileReference; includeInIndex = 1; lastKnownFileType = text.xcconfig; name = "Pods-App.debug.xcconfig"; path = "Target Support Files/Pods-App/Pods-App.debug.xcconfig"; sourceTree = "<group>"; };
		B2365E97D818B3A5C0A99AB0 /* Pods_App.framework */ = {isa = PBXFileReference; explicitFileType = wrapper.framework; includeInIndex = 0; path = Pods_App.framework; sourceTree = BUILT_PRODUCTS_DIR; };
		FBE74BF7EA07B71DE8E67FD7 /* Pods-App.release.xcconfig */ = {isa = PBXFileReference; includeInIndex = 1; lastKnownFileType = text.xcconfig; name = "Pods-App.release.xcconfig"; path = "Target Support Files/Pods-App/Pods-App.release.xcconfig"; sourceTree = "<group>"; };
/* End PBXFileReference section */

/* Begin PBXFrameworksBuildPhase section */
		2C5FD492277466D500317AFC /* Frameworks */ = {
			isa = PBXFrameworksBuildPhase;
			buildActionMask = 2147483647;
			files = (
				40FF0747CF82257DDCE9FDBE /* Pods_App.framework in Frameworks */,
			);
			runOnlyForDeploymentPostprocessing = 0;
		};
		2C5FD4A8277466D600317AFC /* Frameworks */ = {
			isa = PBXFrameworksBuildPhase;
			buildActionMask = 2147483647;
			files = (
				ADC10F8FF83D458FFD089088 /* Pods_AppTests.framework in Frameworks */,
			);
			runOnlyForDeploymentPostprocessing = 0;
		};
		2C5FD4B2277466D600317AFC /* Frameworks */ = {
			isa = PBXFrameworksBuildPhase;
			buildActionMask = 2147483647;
			files = (
				D29EA5A6E35F1DEBAAAA63FB /* Pods_App_AppUITests.framework in Frameworks */,
			);
			runOnlyForDeploymentPostprocessing = 0;
		};
/* End PBXFrameworksBuildPhase section */

/* Begin PBXGroup section */
		2239007B479EDA3DE82CC11A /* Frameworks */ = {
			isa = PBXGroup;
			children = (
				B2365E97D818B3A5C0A99AB0 /* Pods_App.framework */,
				889DD207F0016EBD02A9E857 /* Pods_App_AppUITests.framework */,
				1A328C83DB325D0F0773B530 /* Pods_AppTests.framework */,
			);
			name = Frameworks;
			sourceTree = "<group>";
		};
		2C5FD48C277466D500317AFC = {
			isa = PBXGroup;
			children = (
				2C5FD497277466D500317AFC /* App */,
				2C5FD4AE277466D600317AFC /* AppTests */,
				2C5FD4B8277466D600317AFC /* AppUITests */,
				2C5FD496277466D500317AFC /* Products */,
				CA7D20FA0FB372602C6B72FD /* Pods */,
				2239007B479EDA3DE82CC11A /* Frameworks */,
			);
			sourceTree = "<group>";
		};
		2C5FD496277466D500317AFC /* Products */ = {
			isa = PBXGroup;
			children = (
				2C5FD495277466D500317AFC /* App.app */,
				2C5FD4AB277466D600317AFC /* AppTests.xctest */,
				2C5FD4B5277466D600317AFC /* AppUITests.xctest */,
			);
			name = Products;
			sourceTree = "<group>";
		};
		2C5FD497277466D500317AFC /* App */ = {
			isa = PBXGroup;
			children = (
				2C5FD498277466D500317AFC /* AppDelegate.swift */,
				2C5FD49C277466D500317AFC /* ViewController.swift */,
				2CD989E6277D82FB00D91453 /* BootDelegate.swift */,
				2C5FD49E277466D500317AFC /* Main.storyboard */,
				2C5FD4A1277466D600317AFC /* Assets.xcassets */,
				2C5FD4A3277466D600317AFC /* LaunchScreen.storyboard */,
				2C5FD4A6277466D600317AFC /* Info.plist */,
				2CCC0801277D87F70017DF17 /* Info-Debug.plist */,
			);
			path = App;
			sourceTree = "<group>";
		};
		2C5FD4AE277466D600317AFC /* AppTests */ = {
			isa = PBXGroup;
			children = (
				2C5FD4AF277466D600317AFC /* AppTests.swift */,
			);
			path = AppTests;
			sourceTree = "<group>";
		};
		2C5FD4B8277466D600317AFC /* AppUITests */ = {
			isa = PBXGroup;
			children = (
				2C5FD4B9277466D600317AFC /* AppUITests.swift */,
				2C5FD4BB277466D600317AFC /* AppUITestsLaunchTests.swift */,
			);
			path = AppUITests;
			sourceTree = "<group>";
		};
		CA7D20FA0FB372602C6B72FD /* Pods */ = {
			isa = PBXGroup;
			children = (
				984399CCE338F4E9AA227696 /* Pods-App.debug.xcconfig */,
				FBE74BF7EA07B71DE8E67FD7 /* Pods-App.release.xcconfig */,
				034D560BCBC4D47B220822D8 /* Pods-App-AppUITests.debug.xcconfig */,
				1DD99668BA94F1A399D1532F /* Pods-App-AppUITests.release.xcconfig */,
				6E422CE800729193E1FF9AB9 /* Pods-AppTests.debug.xcconfig */,
				2D3207BB0C988E56E197D18F /* Pods-AppTests.release.xcconfig */,
			);
			path = Pods;
			sourceTree = "<group>";
		};
/* End PBXGroup section */

/* Begin PBXNativeTarget section */
		2C5FD494277466D500317AFC /* App */ = {
			isa = PBXNativeTarget;
			buildConfigurationList = 2C5FD4BF277466D600317AFC /* Build configuration list for PBXNativeTarget "App" */;
			buildPhases = (
				828FDDBA92D4ADE240A6EA81 /* [CP] Check Pods Manifest.lock */,
				6140F2BCD106226F709F800B /* [CP-User] Run Flutter Build flutter_module Script */,
				2C5FD491277466D500317AFC /* Sources */,
				2C5FD492277466D500317AFC /* Frameworks */,
				2C5FD493277466D500317AFC /* Resources */,
				2C5FD4C82774680A00317AFC /* ShellScript */,
				33331CEF25C9C6A1EE5A849D /* [CP] Embed Pods Frameworks */,
			);
			buildRules = (
			);
			dependencies = (
			);
			name = App;
			productName = App;
			productReference = 2C5FD495277466D500317AFC /* App.app */;
			productType = "com.apple.product-type.application";
		};
		2C5FD4AA277466D600317AFC /* AppTests */ = {
			isa = PBXNativeTarget;
			buildConfigurationList = 2C5FD4C2277466D600317AFC /* Build configuration list for PBXNativeTarget "AppTests" */;
			buildPhases = (
				936A51F2BDFFB6818EA0A633 /* [CP] Check Pods Manifest.lock */,
				2C5FD4A7277466D600317AFC /* Sources */,
				2C5FD4A8277466D600317AFC /* Frameworks */,
				2C5FD4A9277466D600317AFC /* Resources */,
			);
			buildRules = (
			);
			dependencies = (
				2C5FD4AD277466D600317AFC /* PBXTargetDependency */,
			);
			name = AppTests;
			productName = AppTests;
			productReference = 2C5FD4AB277466D600317AFC /* AppTests.xctest */;
			productType = "com.apple.product-type.bundle.unit-test";
		};
		2C5FD4B4277466D600317AFC /* AppUITests */ = {
			isa = PBXNativeTarget;
			buildConfigurationList = 2C5FD4C5277466D600317AFC /* Build configuration list for PBXNativeTarget "AppUITests" */;
			buildPhases = (
				738B08A2FE5D9C36053E36B4 /* [CP] Check Pods Manifest.lock */,
				2C5FD4B1277466D600317AFC /* Sources */,
				2C5FD4B2277466D600317AFC /* Frameworks */,
				2C5FD4B3277466D600317AFC /* Resources */,
				9CFAB97A47F24531022EF8BC /* [CP] Embed Pods Frameworks */,
			);
			buildRules = (
			);
			dependencies = (
				2C5FD4B7277466D600317AFC /* PBXTargetDependency */,
			);
			name = AppUITests;
			productName = AppUITests;
			productReference = 2C5FD4B5277466D600317AFC /* AppUITests.xctest */;
			productType = "com.apple.product-type.bundle.ui-testing";
		};
/* End PBXNativeTarget section */

/* Begin PBXProject section */
		2C5FD48D277466D500317AFC /* Project object */ = {
			isa = PBXProject;
			attributes = {
				BuildIndependentTargetsInParallel = 1;
				LastSwiftUpdateCheck = 1320;
				LastUpgradeCheck = 1320;
				TargetAttributes = {
					2C5FD494277466D500317AFC = {
						CreatedOnToolsVersion = 13.2.1;
					};
					2C5FD4AA277466D600317AFC = {
						CreatedOnToolsVersion = 13.2.1;
						TestTargetID = 2C5FD494277466D500317AFC;
					};
					2C5FD4B4277466D600317AFC = {
						CreatedOnToolsVersion = 13.2.1;
						TestTargetID = 2C5FD494277466D500317AFC;
					};
				};
			};
			buildConfigurationList = 2C5FD490277466D500317AFC /* Build configuration list for PBXProject "App" */;
			compatibilityVersion = "Xcode 13.0";
			developmentRegion = en;
			hasScannedForEncodings = 0;
			knownRegions = (
				en,
				Base,
			);
			mainGroup = 2C5FD48C277466D500317AFC;
			productRefGroup = 2C5FD496277466D500317AFC /* Products */;
			projectDirPath = "";
			projectRoot = "";
			targets = (
				2C5FD494277466D500317AFC /* App */,
				2C5FD4AA277466D600317AFC /* AppTests */,
				2C5FD4B4277466D600317AFC /* AppUITests */,
			);
		};
/* End PBXProject section */

/* Begin PBXResourcesBuildPhase section */
		2C5FD493277466D500317AFC /* Resources */ = {
			isa = PBXResourcesBuildPhase;
			buildActionMask = 2147483647;
			files = (
				2C5FD4A5277466D600317AFC /* LaunchScreen.storyboard in Resources */,
				2C5FD4A2277466D600317AFC /* Assets.xcassets in Resources */,
				2C5FD4A0277466D500317AFC /* Main.storyboard in Resources */,
			);
			runOnlyForDeploymentPostprocessing = 0;
		};
		2C5FD4A9277466D600317AFC /* Resources */ = {
			isa = PBXResourcesBuildPhase;
			buildActionMask = 2147483647;
			files = (
			);
			runOnlyForDeploymentPostprocessing = 0;
		};
		2C5FD4B3277466D600317AFC /* Resources */ = {
			isa = PBXResourcesBuildPhase;
			buildActionMask = 2147483647;
			files = (
			);
			runOnlyForDeploymentPostprocessing = 0;
		};
/* End PBXResourcesBuildPhase section */

/* Begin PBXShellScriptBuildPhase section */
		2C5FD4C82774680A00317AFC /* ShellScript */ = {
			isa = PBXShellScriptBuildPhase;
			buildActionMask = 2147483647;
			files = (
			);
			inputFileListPaths = (
			);
			inputPaths = (
			);
			outputFileListPaths = (
			);
			outputPaths = (
			);
			runOnlyForDeploymentPostprocessing = 0;
			shellPath = /bin/sh;
			shellScript = "# Type a script or drag a script file from your workspace to insert its path.\n# \"${PODS_ROOT}/SwiftLint/swiftlint\"\n";
		};
		33331CEF25C9C6A1EE5A849D /* [CP] Embed Pods Frameworks */ = {
			isa = PBXShellScriptBuildPhase;
			buildActionMask = 2147483647;
			files = (
			);
			inputFileListPaths = (
				"${PODS_ROOT}/Target Support Files/Pods-App/Pods-App-frameworks-${CONFIGURATION}-input-files.xcfilelist",
			);
			name = "[CP] Embed Pods Frameworks";
			outputFileListPaths = (
				"${PODS_ROOT}/Target Support Files/Pods-App/Pods-App-frameworks-${CONFIGURATION}-output-files.xcfilelist",
			);
			runOnlyForDeploymentPostprocessing = 0;
			shellPath = /bin/sh;
			shellScript = "\"${PODS_ROOT}/Target Support Files/Pods-App/Pods-App-frameworks.sh\"\n";
			showEnvVarsInLog = 0;
		};
		6140F2BCD106226F709F800B /* [CP-User] Run Flutter Build flutter_module Script */ = {
			isa = PBXShellScriptBuildPhase;
			buildActionMask = 2147483647;
			files = (
			);
			name = "[CP-User] Run Flutter Build flutter_module Script";
			runOnlyForDeploymentPostprocessing = 0;
			shellPath = /bin/sh;
			shellScript = "set -e\nset -u\nsource \"${SRCROOT}/../flutter_module/.ios/Flutter/flutter_export_environment.sh\"\nexport VERBOSE_SCRIPT_LOGGING=1 && \"$FLUTTER_ROOT\"/packages/flutter_tools/bin/xcode_backend.sh build";
		};
		738B08A2FE5D9C36053E36B4 /* [CP] Check Pods Manifest.lock */ = {
			isa = PBXShellScriptBuildPhase;
			buildActionMask = 2147483647;
			files = (
			);
			inputFileListPaths = (
			);
			inputPaths = (
				"${PODS_PODFILE_DIR_PATH}/Podfile.lock",
				"${PODS_ROOT}/Manifest.lock",
			);
			name = "[CP] Check Pods Manifest.lock";
			outputFileListPaths = (
			);
			outputPaths = (
				"$(DERIVED_FILE_DIR)/Pods-App-AppUITests-checkManifestLockResult.txt",
			);
			runOnlyForDeploymentPostprocessing = 0;
			shellPath = /bin/sh;
			shellScript = "diff \"${PODS_PODFILE_DIR_PATH}/Podfile.lock\" \"${PODS_ROOT}/Manifest.lock\" > /dev/null\nif [ $? != 0 ] ; then\n    # print error to STDERR\n    echo \"error: The sandbox is not in sync with the Podfile.lock. Run 'pod install' or update your CocoaPods installation.\" >&2\n    exit 1\nfi\n# This output is used by Xcode 'outputs' to avoid re-running this script phase.\necho \"SUCCESS\" > \"${SCRIPT_OUTPUT_FILE_0}\"\n";
			showEnvVarsInLog = 0;
		};
		828FDDBA92D4ADE240A6EA81 /* [CP] Check Pods Manifest.lock */ = {
			isa = PBXShellScriptBuildPhase;
			buildActionMask = 2147483647;
			files = (
			);
			inputFileListPaths = (
			);
			inputPaths = (
				"${PODS_PODFILE_DIR_PATH}/Podfile.lock",
				"${PODS_ROOT}/Manifest.lock",
			);
			name = "[CP] Check Pods Manifest.lock";
			outputFileListPaths = (
			);
			outputPaths = (
				"$(DERIVED_FILE_DIR)/Pods-App-checkManifestLockResult.txt",
			);
			runOnlyForDeploymentPostprocessing = 0;
			shellPath = /bin/sh;
			shellScript = "diff \"${PODS_PODFILE_DIR_PATH}/Podfile.lock\" \"${PODS_ROOT}/Manifest.lock\" > /dev/null\nif [ $? != 0 ] ; then\n    # print error to STDERR\n    echo \"error: The sandbox is not in sync with the Podfile.lock. Run 'pod install' or update your CocoaPods installation.\" >&2\n    exit 1\nfi\n# This output is used by Xcode 'outputs' to avoid re-running this script phase.\necho \"SUCCESS\" > \"${SCRIPT_OUTPUT_FILE_0}\"\n";
			showEnvVarsInLog = 0;
		};
		936A51F2BDFFB6818EA0A633 /* [CP] Check Pods Manifest.lock */ = {
			isa = PBXShellScriptBuildPhase;
			buildActionMask = 2147483647;
			files = (
			);
			inputFileListPaths = (
			);
			inputPaths = (
				"${PODS_PODFILE_DIR_PATH}/Podfile.lock",
				"${PODS_ROOT}/Manifest.lock",
			);
			name = "[CP] Check Pods Manifest.lock";
			outputFileListPaths = (
			);
			outputPaths = (
				"$(DERIVED_FILE_DIR)/Pods-AppTests-checkManifestLockResult.txt",
			);
			runOnlyForDeploymentPostprocessing = 0;
			shellPath = /bin/sh;
			shellScript = "diff \"${PODS_PODFILE_DIR_PATH}/Podfile.lock\" \"${PODS_ROOT}/Manifest.lock\" > /dev/null\nif [ $? != 0 ] ; then\n    # print error to STDERR\n    echo \"error: The sandbox is not in sync with the Podfile.lock. Run 'pod install' or update your CocoaPods installation.\" >&2\n    exit 1\nfi\n# This output is used by Xcode 'outputs' to avoid re-running this script phase.\necho \"SUCCESS\" > \"${SCRIPT_OUTPUT_FILE_0}\"\n";
			showEnvVarsInLog = 0;
		};
		9CFAB97A47F24531022EF8BC /* [CP] Embed Pods Frameworks */ = {
			isa = PBXShellScriptBuildPhase;
			buildActionMask = 2147483647;
			files = (
			);
			inputFileListPaths = (
				"${PODS_ROOT}/Target Support Files/Pods-App-AppUITests/Pods-App-AppUITests-frameworks-${CONFIGURATION}-input-files.xcfilelist",
			);
			name = "[CP] Embed Pods Frameworks";
			outputFileListPaths = (
				"${PODS_ROOT}/Target Support Files/Pods-App-AppUITests/Pods-App-AppUITests-frameworks-${CONFIGURATION}-output-files.xcfilelist",
			);
			runOnlyForDeploymentPostprocessing = 0;
			shellPath = /bin/sh;
			shellScript = "\"${PODS_ROOT}/Target Support Files/Pods-App-AppUITests/Pods-App-AppUITests-frameworks.sh\"\n";
			showEnvVarsInLog = 0;
		};
/* End PBXShellScriptBuildPhase section */

/* Begin PBXSourcesBuildPhase section */
		2C5FD491277466D500317AFC /* Sources */ = {
			isa = PBXSourcesBuildPhase;
			buildActionMask = 2147483647;
			files = (
				2C5FD49D277466D500317AFC /* ViewController.swift in Sources */,
				2CD989E7277D82FB00D91453 /* BootDelegate.swift in Sources */,
				2C5FD499277466D500317AFC /* AppDelegate.swift in Sources */,
			);
			runOnlyForDeploymentPostprocessing = 0;
		};
		2C5FD4A7277466D600317AFC /* Sources */ = {
			isa = PBXSourcesBuildPhase;
			buildActionMask = 2147483647;
			files = (
				2C5FD4B0277466D600317AFC /* AppTests.swift in Sources */,
			);
			runOnlyForDeploymentPostprocessing = 0;
		};
		2C5FD4B1277466D600317AFC /* Sources */ = {
			isa = PBXSourcesBuildPhase;
			buildActionMask = 2147483647;
			files = (
				2C5FD4BC277466D600317AFC /* AppUITestsLaunchTests.swift in Sources */,
				2C5FD4BA277466D600317AFC /* AppUITests.swift in Sources */,
			);
			runOnlyForDeploymentPostprocessing = 0;
		};
/* End PBXSourcesBuildPhase section */

/* Begin PBXTargetDependency section */
		2C5FD4AD277466D600317AFC /* PBXTargetDependency */ = {
			isa = PBXTargetDependency;
			target = 2C5FD494277466D500317AFC /* App */;
			targetProxy = 2C5FD4AC277466D600317AFC /* PBXContainerItemProxy */;
		};
		2C5FD4B7277466D600317AFC /* PBXTargetDependency */ = {
			isa = PBXTargetDependency;
			target = 2C5FD494277466D500317AFC /* App */;
			targetProxy = 2C5FD4B6277466D600317AFC /* PBXContainerItemProxy */;
		};
/* End PBXTargetDependency section */

/* Begin PBXVariantGroup section */
		2C5FD49E277466D500317AFC /* Main.storyboard */ = {
			isa = PBXVariantGroup;
			children = (
				2C5FD49F277466D500317AFC /* Base */,
			);
			name = Main.storyboard;
			sourceTree = "<group>";
		};
		2C5FD4A3277466D600317AFC /* LaunchScreen.storyboard */ = {
			isa = PBXVariantGroup;
			children = (
				2C5FD4A4277466D600317AFC /* Base */,
			);
			name = LaunchScreen.storyboard;
			sourceTree = "<group>";
		};
/* End PBXVariantGroup section */

/* Begin XCBuildConfiguration section */
		2C5FD4BD277466D600317AFC /* Debug */ = {
			isa = XCBuildConfiguration;
			buildSettings = {
				ALWAYS_SEARCH_USER_PATHS = NO;
				CLANG_ANALYZER_NONNULL = YES;
				CLANG_ANALYZER_NUMBER_OBJECT_CONVERSION = YES_AGGRESSIVE;
				CLANG_CXX_LANGUAGE_STANDARD = "gnu++17";
				CLANG_CXX_LIBRARY = "libc++";
				CLANG_ENABLE_MODULES = YES;
				CLANG_ENABLE_OBJC_ARC = YES;
				CLANG_ENABLE_OBJC_WEAK = YES;
				CLANG_WARN_BLOCK_CAPTURE_AUTORELEASING = YES;
				CLANG_WARN_BOOL_CONVERSION = YES;
				CLANG_WARN_COMMA = YES;
				CLANG_WARN_CONSTANT_CONVERSION = YES;
				CLANG_WARN_DEPRECATED_OBJC_IMPLEMENTATIONS = YES;
				CLANG_WARN_DIRECT_OBJC_ISA_USAGE = YES_ERROR;
				CLANG_WARN_DOCUMENTATION_COMMENTS = YES;
				CLANG_WARN_EMPTY_BODY = YES;
				CLANG_WARN_ENUM_CONVERSION = YES;
				CLANG_WARN_INFINITE_RECURSION = YES;
				CLANG_WARN_INT_CONVERSION = YES;
				CLANG_WARN_NON_LITERAL_NULL_CONVERSION = YES;
				CLANG_WARN_OBJC_IMPLICIT_RETAIN_SELF = YES;
				CLANG_WARN_OBJC_LITERAL_CONVERSION = YES;
				CLANG_WARN_OBJC_ROOT_CLASS = YES_ERROR;
				CLANG_WARN_QUOTED_INCLUDE_IN_FRAMEWORK_HEADER = YES;
				CLANG_WARN_RANGE_LOOP_ANALYSIS = YES;
				CLANG_WARN_STRICT_PROTOTYPES = YES;
				CLANG_WARN_SUSPICIOUS_MOVE = YES;
				CLANG_WARN_UNGUARDED_AVAILABILITY = YES_AGGRESSIVE;
				CLANG_WARN_UNREACHABLE_CODE = YES;
				CLANG_WARN__DUPLICATE_METHOD_MATCH = YES;
				COPY_PHASE_STRIP = NO;
				DEBUG_INFORMATION_FORMAT = dwarf;
				ENABLE_STRICT_OBJC_MSGSEND = YES;
				ENABLE_TESTABILITY = YES;
				GCC_C_LANGUAGE_STANDARD = gnu11;
				GCC_DYNAMIC_NO_PIC = NO;
				GCC_NO_COMMON_BLOCKS = YES;
				GCC_OPTIMIZATION_LEVEL = 0;
				GCC_PREPROCESSOR_DEFINITIONS = (
					"DEBUG=1",
					"$(inherited)",
				);
				GCC_WARN_64_TO_32_BIT_CONVERSION = YES;
				GCC_WARN_ABOUT_RETURN_TYPE = YES_ERROR;
				GCC_WARN_UNDECLARED_SELECTOR = YES;
				GCC_WARN_UNINITIALIZED_AUTOS = YES_AGGRESSIVE;
				GCC_WARN_UNUSED_FUNCTION = YES;
				GCC_WARN_UNUSED_VARIABLE = YES;
				IPHONEOS_DEPLOYMENT_TARGET = 15.2;
				MTL_ENABLE_DEBUG_INFO = INCLUDE_SOURCE;
				MTL_FAST_MATH = YES;
				ONLY_ACTIVE_ARCH = YES;
				SDKROOT = iphoneos;
				SWIFT_ACTIVE_COMPILATION_CONDITIONS = DEBUG;
				SWIFT_OPTIMIZATION_LEVEL = "-Onone";
			};
			name = Debug;
		};
		2C5FD4BE277466D600317AFC /* Release */ = {
			isa = XCBuildConfiguration;
			buildSettings = {
				ALWAYS_SEARCH_USER_PATHS = NO;
				CLANG_ANALYZER_NONNULL = YES;
				CLANG_ANALYZER_NUMBER_OBJECT_CONVERSION = YES_AGGRESSIVE;
				CLANG_CXX_LANGUAGE_STANDARD = "gnu++17";
				CLANG_CXX_LIBRARY = "libc++";
				CLANG_ENABLE_MODULES = YES;
				CLANG_ENABLE_OBJC_ARC = YES;
				CLANG_ENABLE_OBJC_WEAK = YES;
				CLANG_WARN_BLOCK_CAPTURE_AUTORELEASING = YES;
				CLANG_WARN_BOOL_CONVERSION = YES;
				CLANG_WARN_COMMA = YES;
				CLANG_WARN_CONSTANT_CONVERSION = YES;
				CLANG_WARN_DEPRECATED_OBJC_IMPLEMENTATIONS = YES;
				CLANG_WARN_DIRECT_OBJC_ISA_USAGE = YES_ERROR;
				CLANG_WARN_DOCUMENTATION_COMMENTS = YES;
				CLANG_WARN_EMPTY_BODY = YES;
				CLANG_WARN_ENUM_CONVERSION = YES;
				CLANG_WARN_INFINITE_RECURSION = YES;
				CLANG_WARN_INT_CONVERSION = YES;
				CLANG_WARN_NON_LITERAL_NULL_CONVERSION = YES;
				CLANG_WARN_OBJC_IMPLICIT_RETAIN_SELF = YES;
				CLANG_WARN_OBJC_LITERAL_CONVERSION = YES;
				CLANG_WARN_OBJC_ROOT_CLASS = YES_ERROR;
				CLANG_WARN_QUOTED_INCLUDE_IN_FRAMEWORK_HEADER = YES;
				CLANG_WARN_RANGE_LOOP_ANALYSIS = YES;
				CLANG_WARN_STRICT_PROTOTYPES = YES;
				CLANG_WARN_SUSPICIOUS_MOVE = YES;
				CLANG_WARN_UNGUARDED_AVAILABILITY = YES_AGGRESSIVE;
				CLANG_WARN_UNREACHABLE_CODE = YES;
				CLANG_WARN__DUPLICATE_METHOD_MATCH = YES;
				COPY_PHASE_STRIP = NO;
				DEBUG_INFORMATION_FORMAT = "dwarf-with-dsym";
				ENABLE_NS_ASSERTIONS = NO;
				ENABLE_STRICT_OBJC_MSGSEND = YES;
				GCC_C_LANGUAGE_STANDARD = gnu11;
				GCC_NO_COMMON_BLOCKS = YES;
				GCC_WARN_64_TO_32_BIT_CONVERSION = YES;
				GCC_WARN_ABOUT_RETURN_TYPE = YES_ERROR;
				GCC_WARN_UNDECLARED_SELECTOR = YES;
				GCC_WARN_UNINITIALIZED_AUTOS = YES_AGGRESSIVE;
				GCC_WARN_UNUSED_FUNCTION = YES;
				GCC_WARN_UNUSED_VARIABLE = YES;
				IPHONEOS_DEPLOYMENT_TARGET = 15.2;
				MTL_ENABLE_DEBUG_INFO = NO;
				MTL_FAST_MATH = YES;
				SDKROOT = iphoneos;
				SWIFT_COMPILATION_MODE = wholemodule;
				SWIFT_OPTIMIZATION_LEVEL = "-O";
				VALIDATE_PRODUCT = YES;
			};
			name = Release;
		};
		2C5FD4C0277466D600317AFC /* Debug */ = {
			isa = XCBuildConfiguration;
			baseConfigurationReference = 984399CCE338F4E9AA227696 /* Pods-App.debug.xcconfig */;
			buildSettings = {
				ASSETCATALOG_COMPILER_APPICON_NAME = AppIcon;
				ASSETCATALOG_COMPILER_GLOBAL_ACCENT_COLOR_NAME = AccentColor;
				CODE_SIGN_STYLE = Automatic;
				CURRENT_PROJECT_VERSION = 1;
				DEVELOPMENT_TEAM = DMEGL5CEM3;
				GENERATE_INFOPLIST_FILE = YES;
				INFOPLIST_FILE = "App/Info-Debug.plist";
				INFOPLIST_KEY_UIApplicationSupportsIndirectInputEvents = YES;
				INFOPLIST_KEY_UILaunchStoryboardName = LaunchScreen;
				INFOPLIST_KEY_UIMainStoryboardFile = Main;
				INFOPLIST_KEY_UISupportedInterfaceOrientations_iPad = "UIInterfaceOrientationPortrait UIInterfaceOrientationPortraitUpsideDown UIInterfaceOrientationLandscapeLeft UIInterfaceOrientationLandscapeRight";
				INFOPLIST_KEY_UISupportedInterfaceOrientations_iPhone = "UIInterfaceOrientationPortrait UIInterfaceOrientationLandscapeLeft UIInterfaceOrientationLandscapeRight";
				LD_RUNPATH_SEARCH_PATHS = (
					"$(inherited)",
					"@executable_path/Frameworks",
				);
				MARKETING_VERSION = 1.0;
				PRODUCT_BUNDLE_IDENTIFIER = com.example.App;
				PRODUCT_NAME = "$(TARGET_NAME)";
				SWIFT_EMIT_LOC_STRINGS = YES;
				SWIFT_VERSION = 5.0;
				TARGETED_DEVICE_FAMILY = "1,2";
			};
			name = Debug;
		};
		2C5FD4C1277466D600317AFC /* Release */ = {
			isa = XCBuildConfiguration;
			baseConfigurationReference = FBE74BF7EA07B71DE8E67FD7 /* Pods-App.release.xcconfig */;
			buildSettings = {
				ASSETCATALOG_COMPILER_APPICON_NAME = AppIcon;
				ASSETCATALOG_COMPILER_GLOBAL_ACCENT_COLOR_NAME = AccentColor;
				CODE_SIGN_STYLE = Automatic;
				CURRENT_PROJECT_VERSION = 1;
				DEVELOPMENT_TEAM = DMEGL5CEM3;
				GENERATE_INFOPLIST_FILE = YES;
				INFOPLIST_FILE = App/Info.plist;
				INFOPLIST_KEY_UIApplicationSupportsIndirectInputEvents = YES;
				INFOPLIST_KEY_UILaunchStoryboardName = LaunchScreen;
				INFOPLIST_KEY_UIMainStoryboardFile = Main;
				INFOPLIST_KEY_UISupportedInterfaceOrientations_iPad = "UIInterfaceOrientationPortrait UIInterfaceOrientationPortraitUpsideDown UIInterfaceOrientationLandscapeLeft UIInterfaceOrientationLandscapeRight";
				INFOPLIST_KEY_UISupportedInterfaceOrientations_iPhone = "UIInterfaceOrientationPortrait UIInterfaceOrientationLandscapeLeft UIInterfaceOrientationLandscapeRight";
				LD_RUNPATH_SEARCH_PATHS = (
					"$(inherited)",
					"@executable_path/Frameworks",
				);
				MARKETING_VERSION = 1.0;
				PRODUCT_BUNDLE_IDENTIFIER = com.example.App;
				PRODUCT_NAME = "$(TARGET_NAME)";
				SWIFT_EMIT_LOC_STRINGS = YES;
				SWIFT_VERSION = 5.0;
				TARGETED_DEVICE_FAMILY = "1,2";
			};
			name = Release;
		};
		2C5FD4C3277466D600317AFC /* Debug */ = {
			isa = XCBuildConfiguration;
			baseConfigurationReference = 6E422CE800729193E1FF9AB9 /* Pods-AppTests.debug.xcconfig */;
			buildSettings = {
				ALWAYS_EMBED_SWIFT_STANDARD_LIBRARIES = YES;
				BUNDLE_LOADER = "$(TEST_HOST)";
				CODE_SIGN_STYLE = Automatic;
				CURRENT_PROJECT_VERSION = 1;
				DEVELOPMENT_TEAM = DMEGL5CEM3;
				GENERATE_INFOPLIST_FILE = YES;
				IPHONEOS_DEPLOYMENT_TARGET = 15.2;
				MARKETING_VERSION = 1.0;
				PRODUCT_BUNDLE_IDENTIFIER = com.example.AppTests;
				PRODUCT_NAME = "$(TARGET_NAME)";
				SWIFT_EMIT_LOC_STRINGS = NO;
				SWIFT_VERSION = 5.0;
				TARGETED_DEVICE_FAMILY = "1,2";
				TEST_HOST = "$(BUILT_PRODUCTS_DIR)/App.app/App";
			};
			name = Debug;
		};
		2C5FD4C4277466D600317AFC /* Release */ = {
			isa = XCBuildConfiguration;
			baseConfigurationReference = 2D3207BB0C988E56E197D18F /* Pods-AppTests.release.xcconfig */;
			buildSettings = {
				ALWAYS_EMBED_SWIFT_STANDARD_LIBRARIES = YES;
				BUNDLE_LOADER = "$(TEST_HOST)";
				CODE_SIGN_STYLE = Automatic;
				CURRENT_PROJECT_VERSION = 1;
				DEVELOPMENT_TEAM = DMEGL5CEM3;
				GENERATE_INFOPLIST_FILE = YES;
				IPHONEOS_DEPLOYMENT_TARGET = 15.2;
				MARKETING_VERSION = 1.0;
				PRODUCT_BUNDLE_IDENTIFIER = com.example.AppTests;
				PRODUCT_NAME = "$(TARGET_NAME)";
				SWIFT_EMIT_LOC_STRINGS = NO;
				SWIFT_VERSION = 5.0;
				TARGETED_DEVICE_FAMILY = "1,2";
				TEST_HOST = "$(BUILT_PRODUCTS_DIR)/App.app/App";
			};
			name = Release;
		};
		2C5FD4C6277466D600317AFC /* Debug */ = {
			isa = XCBuildConfiguration;
			baseConfigurationReference = 034D560BCBC4D47B220822D8 /* Pods-App-AppUITests.debug.xcconfig */;
			buildSettings = {
				ALWAYS_EMBED_SWIFT_STANDARD_LIBRARIES = YES;
				CODE_SIGN_STYLE = Automatic;
				CURRENT_PROJECT_VERSION = 1;
				DEVELOPMENT_TEAM = DMEGL5CEM3;
				GENERATE_INFOPLIST_FILE = YES;
				MARKETING_VERSION = 1.0;
				PRODUCT_BUNDLE_IDENTIFIER = com.example.AppUITests;
				PRODUCT_NAME = "$(TARGET_NAME)";
				SWIFT_EMIT_LOC_STRINGS = NO;
				SWIFT_VERSION = 5.0;
				TARGETED_DEVICE_FAMILY = "1,2";
				TEST_TARGET_NAME = App;
			};
			name = Debug;
		};
		2C5FD4C7277466D600317AFC /* Release */ = {
			isa = XCBuildConfiguration;
			baseConfigurationReference = 1DD99668BA94F1A399D1532F /* Pods-App-AppUITests.release.xcconfig */;
			buildSettings = {
				ALWAYS_EMBED_SWIFT_STANDARD_LIBRARIES = YES;
				CODE_SIGN_STYLE = Automatic;
				CURRENT_PROJECT_VERSION = 1;
				DEVELOPMENT_TEAM = DMEGL5CEM3;
				GENERATE_INFOPLIST_FILE = YES;
				MARKETING_VERSION = 1.0;
				PRODUCT_BUNDLE_IDENTIFIER = com.example.AppUITests;
				PRODUCT_NAME = "$(TARGET_NAME)";
				SWIFT_EMIT_LOC_STRINGS = NO;
				SWIFT_VERSION = 5.0;
				TARGETED_DEVICE_FAMILY = "1,2";
				TEST_TARGET_NAME = App;
			};
			name = Release;
		};
/* End XCBuildConfiguration section */

/* Begin XCConfigurationList section */
		2C5FD490277466D500317AFC /* Build configuration list for PBXProject "App" */ = {
			isa = XCConfigurationList;
			buildConfigurations = (
				2C5FD4BD277466D600317AFC /* Debug */,
				2C5FD4BE277466D600317AFC /* Release */,
			);
			defaultConfigurationIsVisible = 0;
			defaultConfigurationName = Release;
		};
		2C5FD4BF277466D600317AFC /* Build configuration list for PBXNativeTarget "App" */ = {
			isa = XCConfigurationList;
			buildConfigurations = (
				2C5FD4C0277466D600317AFC /* Debug */,
				2C5FD4C1277466D600317AFC /* Release */,
			);
			defaultConfigurationIsVisible = 0;
			defaultConfigurationName = Release;
		};
		2C5FD4C2277466D600317AFC /* Build configuration list for PBXNativeTarget "AppTests" */ = {
			isa = XCConfigurationList;
			buildConfigurations = (
				2C5FD4C3277466D600317AFC /* Debug */,
				2C5FD4C4277466D600317AFC /* Release */,
			);
			defaultConfigurationIsVisible = 0;
			defaultConfigurationName = Release;
		};
		2C5FD4C5277466D600317AFC /* Build configuration list for PBXNativeTarget "AppUITests" */ = {
			isa = XCConfigurationList;
			buildConfigurations = (
				2C5FD4C6277466D600317AFC /* Debug */,
				2C5FD4C7277466D600317AFC /* Release */,
			);
			defaultConfigurationIsVisible = 0;
			defaultConfigurationName = Release;
		};
/* End XCConfigurationList section */
	};
	rootObject = 2C5FD48D277466D500317AFC /* Project object */;
}
